// !$*UTF8*$!
{
	archiveVersion = 1;
	classes = {
	};
	objectVersion = 50;
	objects = {

/* Begin PBXBuildFile section */
		AA4FB6632382BEA600385200 /* AllMoviesView.swift in Sources */ = {isa = PBXBuildFile; fileRef = AA4FB6622382BEA600385200 /* AllMoviesView.swift */; };
		AA4FB6652382BED800385200 /* MovieRow.swift in Sources */ = {isa = PBXBuildFile; fileRef = AA4FB6642382BED800385200 /* MovieRow.swift */; };
		AA4FB6672382D44100385200 /* MovieRow.swift in Sources */ = {isa = PBXBuildFile; fileRef = AA4FB6642382BED800385200 /* MovieRow.swift */; };
		AA4FB6682382D44400385200 /* AllMoviesView.swift in Sources */ = {isa = PBXBuildFile; fileRef = AA4FB6622382BEA600385200 /* AllMoviesView.swift */; };
		AA6E0B6C2377018200E4EB92 /* ViewModelType.swift in Sources */ = {isa = PBXBuildFile; fileRef = AA6E0B6B2377018200E4EB92 /* ViewModelType.swift */; };
		AA6E0B6F237702E700E4EB92 /* MovieModel.swift in Sources */ = {isa = PBXBuildFile; fileRef = AA6E0B6E237702E700E4EB92 /* MovieModel.swift */; };
		AA6E0B752377057200E4EB92 /* APIClient.swift in Sources */ = {isa = PBXBuildFile; fileRef = AA6E0B742377057200E4EB92 /* APIClient.swift */; };
		AA6E0B772377067600E4EB92 /* MovieRepository.swift in Sources */ = {isa = PBXBuildFile; fileRef = AA6E0B762377067600E4EB92 /* MovieRepository.swift */; };
		AA6E0B792377077500E4EB92 /* APIRequest.swift in Sources */ = {isa = PBXBuildFile; fileRef = AA6E0B782377077500E4EB92 /* APIRequest.swift */; };
		AA98E517237ADDE700A0CEA2 /* AllMoviesResponseModel.swift in Sources */ = {isa = PBXBuildFile; fileRef = AA98E516237ADDE700A0CEA2 /* AllMoviesResponseModel.swift */; };
		AA98E519237ADF2200A0CEA2 /* Extensions.swift in Sources */ = {isa = PBXBuildFile; fileRef = AA98E518237ADF2200A0CEA2 /* Extensions.swift */; };
		AA98E51B237AE6A200A0CEA2 /* MovieDetail.json in Resources */ = {isa = PBXBuildFile; fileRef = AA98E51A237AE6A200A0CEA2 /* MovieDetail.json */; };
		AA98E51D237AE8A900A0CEA2 /* GenreModel.swift in Sources */ = {isa = PBXBuildFile; fileRef = AA98E51C237AE8A900A0CEA2 /* GenreModel.swift */; };
		AA98E51E237AEAA800A0CEA2 /* AllMovies.json in Resources */ = {isa = PBXBuildFile; fileRef = AACCF0572379A3C400D81E17 /* AllMovies.json */; };
		AA98E51F237AEAAB00A0CEA2 /* MovieDetail.json in Resources */ = {isa = PBXBuildFile; fileRef = AA98E51A237AE6A200A0CEA2 /* MovieDetail.json */; };
		AA98E520237AEAB900A0CEA2 /* Extensions.swift in Sources */ = {isa = PBXBuildFile; fileRef = AA98E518237ADF2200A0CEA2 /* Extensions.swift */; };
		AA98E521237AEABE00A0CEA2 /* ViewModelType.swift in Sources */ = {isa = PBXBuildFile; fileRef = AA6E0B6B2377018200E4EB92 /* ViewModelType.swift */; };
		AA98E522237AEAD400A0CEA2 /* APIClient.swift in Sources */ = {isa = PBXBuildFile; fileRef = AA6E0B742377057200E4EB92 /* APIClient.swift */; };
		AA98E523237AEAD600A0CEA2 /* MovieRepository.swift in Sources */ = {isa = PBXBuildFile; fileRef = AA6E0B762377067600E4EB92 /* MovieRepository.swift */; };
		AA98E524237AEADC00A0CEA2 /* MovieModel.swift in Sources */ = {isa = PBXBuildFile; fileRef = AA6E0B6E237702E700E4EB92 /* MovieModel.swift */; };
		AA98E525237AEADE00A0CEA2 /* AllMoviesResponseModel.swift in Sources */ = {isa = PBXBuildFile; fileRef = AA98E516237ADDE700A0CEA2 /* AllMoviesResponseModel.swift */; };
		AA98E526237AEAE100A0CEA2 /* GenreModel.swift in Sources */ = {isa = PBXBuildFile; fileRef = AA98E51C237AE8A900A0CEA2 /* GenreModel.swift */; };
		AA98E527237AEAE900A0CEA2 /* AllMoviesViewModel.swift in Sources */ = {isa = PBXBuildFile; fileRef = AADA8B512376E51C000AE3BA /* AllMoviesViewModel.swift */; };
		AA98E528237AEAEE00A0CEA2 /* AllMoviesViewController.swift in Sources */ = {isa = PBXBuildFile; fileRef = AADA8B532376E62E000AE3BA /* AllMoviesViewController.swift */; };
		AA98E529237AEAF500A0CEA2 /* MovieDetailViewModel.swift in Sources */ = {isa = PBXBuildFile; fileRef = AADA8B6E2376ED8A000AE3BA /* MovieDetailViewModel.swift */; };
		AA98E52A237AEAF900A0CEA2 /* MovieDetailViewController.swift in Sources */ = {isa = PBXBuildFile; fileRef = AADA8B702376EDA1000AE3BA /* MovieDetailViewController.swift */; };
		AA98E52B237AEAFE00A0CEA2 /* MovieDetailViewController.xib in Resources */ = {isa = PBXBuildFile; fileRef = AADA8B712376EDA1000AE3BA /* MovieDetailViewController.xib */; };
		AA98E52C237AEB0300A0CEA2 /* MainStepper.swift in Sources */ = {isa = PBXBuildFile; fileRef = AADA8B742376F234000AE3BA /* MainStepper.swift */; };
		AA98E52D237AEB0500A0CEA2 /* MainSteps.swift in Sources */ = {isa = PBXBuildFile; fileRef = AADA8B4A2376E362000AE3BA /* MainSteps.swift */; };
		AA98E52E237AEB0800A0CEA2 /* MainFlow.swift in Sources */ = {isa = PBXBuildFile; fileRef = AADA8B4C2376E407000AE3BA /* MainFlow.swift */; };
		AA98E530237AEB3B00A0CEA2 /* ModelTests.swift in Sources */ = {isa = PBXBuildFile; fileRef = AA98E52F237AEB3B00A0CEA2 /* ModelTests.swift */; };
		AA98E531237AEDA100A0CEA2 /* Reusable.framework in Frameworks */ = {isa = PBXBuildFile; fileRef = AADA8B602376EAE1000AE3BA /* Reusable.framework */; };
		AA98E532237AEDA100A0CEA2 /* RxSwift.framework in Frameworks */ = {isa = PBXBuildFile; fileRef = AA9D643E23767F98007130CA /* RxSwift.framework */; };
		AA98E533237AEDA100A0CEA2 /* RxRelay.framework in Frameworks */ = {isa = PBXBuildFile; fileRef = AA9D643B23767F95007130CA /* RxRelay.framework */; };
		AA98E534237AEDA100A0CEA2 /* RxOptional.framework in Frameworks */ = {isa = PBXBuildFile; fileRef = AADA8B662376EAE9000AE3BA /* RxOptional.framework */; };
		AA98E535237AEDA100A0CEA2 /* RxSwiftExt.framework in Frameworks */ = {isa = PBXBuildFile; fileRef = AADA8B692376EAEE000AE3BA /* RxSwiftExt.framework */; };
		AA98E536237AEDA100A0CEA2 /* Differentiator.framework in Frameworks */ = {isa = PBXBuildFile; fileRef = AADA8B5D2376EADE000AE3BA /* Differentiator.framework */; };
		AA98E537237AEDA100A0CEA2 /* RxDataSources.framework in Frameworks */ = {isa = PBXBuildFile; fileRef = AADA8B632376EAE6000AE3BA /* RxDataSources.framework */; };
		AA98E538237AEDA100A0CEA2 /* RxBlocking.framework in Frameworks */ = {isa = PBXBuildFile; fileRef = AA9D643123767F8D007130CA /* RxBlocking.framework */; };
		AA98E539237AEDA100A0CEA2 /* Action.framework in Frameworks */ = {isa = PBXBuildFile; fileRef = AADA8B592376EADB000AE3BA /* Action.framework */; };
		AA98E53A237AEDA100A0CEA2 /* RxCocoa.framework in Frameworks */ = {isa = PBXBuildFile; fileRef = AA9D643523767F90007130CA /* RxCocoa.framework */; };
		AA98E53B237AEDA100A0CEA2 /* RxFlow.framework in Frameworks */ = {isa = PBXBuildFile; fileRef = AA9D643823767F92007130CA /* RxFlow.framework */; };
		AA98E53C237AEDD200A0CEA2 /* APIRequest.swift in Sources */ = {isa = PBXBuildFile; fileRef = AA6E0B782377077500E4EB92 /* APIRequest.swift */; };
		AA9D640A2376754D007130CA /* AppDelegate.swift in Sources */ = {isa = PBXBuildFile; fileRef = AA9D64092376754D007130CA /* AppDelegate.swift */; };
		AA9D640C2376754D007130CA /* SceneDelegate.swift in Sources */ = {isa = PBXBuildFile; fileRef = AA9D640B2376754D007130CA /* SceneDelegate.swift */; };
		AA9D64112376754D007130CA /* Main.storyboard in Resources */ = {isa = PBXBuildFile; fileRef = AA9D640F2376754D007130CA /* Main.storyboard */; };
		AA9D641323767550007130CA /* Assets.xcassets in Resources */ = {isa = PBXBuildFile; fileRef = AA9D641223767550007130CA /* Assets.xcassets */; };
		AA9D641623767550007130CA /* LaunchScreen.storyboard in Resources */ = {isa = PBXBuildFile; fileRef = AA9D641423767550007130CA /* LaunchScreen.storyboard */; };
		AA9D642123767551007130CA /* CathayTests.swift in Sources */ = {isa = PBXBuildFile; fileRef = AA9D642023767551007130CA /* CathayTests.swift */; };
		AA9D642F23767F7A007130CA /* Carthage in Resources */ = {isa = PBXBuildFile; fileRef = AA9D642E23767F7A007130CA /* Carthage */; };
		AA9D643623767F90007130CA /* RxCocoa.framework in Frameworks */ = {isa = PBXBuildFile; fileRef = AA9D643523767F90007130CA /* RxCocoa.framework */; };
		AA9D643923767F92007130CA /* RxFlow.framework in Frameworks */ = {isa = PBXBuildFile; fileRef = AA9D643823767F92007130CA /* RxFlow.framework */; };
		AA9D643C23767F95007130CA /* RxRelay.framework in Frameworks */ = {isa = PBXBuildFile; fileRef = AA9D643B23767F95007130CA /* RxRelay.framework */; };
		AA9D643F23767F98007130CA /* RxSwift.framework in Frameworks */ = {isa = PBXBuildFile; fileRef = AA9D643E23767F98007130CA /* RxSwift.framework */; };
		AA9D644223768249007130CA /* README.md in Resources */ = {isa = PBXBuildFile; fileRef = AA9D644123768249007130CA /* README.md */; };
		AACCF0582379A3C400D81E17 /* AllMovies.json in Resources */ = {isa = PBXBuildFile; fileRef = AACCF0572379A3C400D81E17 /* AllMovies.json */; };
		AADA8B4B2376E362000AE3BA /* MainSteps.swift in Sources */ = {isa = PBXBuildFile; fileRef = AADA8B4A2376E362000AE3BA /* MainSteps.swift */; };
		AADA8B4D2376E407000AE3BA /* MainFlow.swift in Sources */ = {isa = PBXBuildFile; fileRef = AADA8B4C2376E407000AE3BA /* MainFlow.swift */; };
		AADA8B522376E51C000AE3BA /* AllMoviesViewModel.swift in Sources */ = {isa = PBXBuildFile; fileRef = AADA8B512376E51C000AE3BA /* AllMoviesViewModel.swift */; };
		AADA8B552376E62E000AE3BA /* AllMoviesViewController.swift in Sources */ = {isa = PBXBuildFile; fileRef = AADA8B532376E62E000AE3BA /* AllMoviesViewController.swift */; };
		AADA8B562376E62E000AE3BA /* AllMoviesViewController.xib in Resources */ = {isa = PBXBuildFile; fileRef = AADA8B542376E62E000AE3BA /* AllMoviesViewController.xib */; };
		AADA8B5A2376EADB000AE3BA /* Action.framework in Frameworks */ = {isa = PBXBuildFile; fileRef = AADA8B592376EADB000AE3BA /* Action.framework */; };
		AADA8B5E2376EADE000AE3BA /* Differentiator.framework in Frameworks */ = {isa = PBXBuildFile; fileRef = AADA8B5D2376EADE000AE3BA /* Differentiator.framework */; };
		AADA8B612376EAE1000AE3BA /* Reusable.framework in Frameworks */ = {isa = PBXBuildFile; fileRef = AADA8B602376EAE1000AE3BA /* Reusable.framework */; };
		AADA8B672376EAE9000AE3BA /* RxOptional.framework in Frameworks */ = {isa = PBXBuildFile; fileRef = AADA8B662376EAE9000AE3BA /* RxOptional.framework */; };
		AADA8B6A2376EAEE000AE3BA /* RxSwiftExt.framework in Frameworks */ = {isa = PBXBuildFile; fileRef = AADA8B692376EAEE000AE3BA /* RxSwiftExt.framework */; };
		AADA8B6F2376ED8A000AE3BA /* MovieDetailViewModel.swift in Sources */ = {isa = PBXBuildFile; fileRef = AADA8B6E2376ED8A000AE3BA /* MovieDetailViewModel.swift */; };
		AADA8B722376EDA1000AE3BA /* MovieDetailViewController.swift in Sources */ = {isa = PBXBuildFile; fileRef = AADA8B702376EDA1000AE3BA /* MovieDetailViewController.swift */; };
		AADA8B732376EDA1000AE3BA /* MovieDetailViewController.xib in Resources */ = {isa = PBXBuildFile; fileRef = AADA8B712376EDA1000AE3BA /* MovieDetailViewController.xib */; };
		AADA8B752376F234000AE3BA /* MainStepper.swift in Sources */ = {isa = PBXBuildFile; fileRef = AADA8B742376F234000AE3BA /* MainStepper.swift */; };
		DCB8E41D2383932800CA85A1 /* Constants.swift in Sources */ = {isa = PBXBuildFile; fileRef = DCB8E41C2383932800CA85A1 /* Constants.swift */; };
		DCB8E41F23839DD100CA85A1 /* APIErrors.swift in Sources */ = {isa = PBXBuildFile; fileRef = DCB8E41E23839DD000CA85A1 /* APIErrors.swift */; };
		DCD72B6B2383C874005A20DD /* Constants.swift in Sources */ = {isa = PBXBuildFile; fileRef = DCB8E41C2383932800CA85A1 /* Constants.swift */; };
		DCD72B6D2383C88E005A20DD /* APIErrors.swift in Sources */ = {isa = PBXBuildFile; fileRef = DCB8E41E23839DD000CA85A1 /* APIErrors.swift */; };
		DCD72B712383CC3D005A20DD /* SDWebImageSwiftUI.framework in Frameworks */ = {isa = PBXBuildFile; fileRef = DCD72B702383CC3C005A20DD /* SDWebImageSwiftUI.framework */; };
		DCD72B722383CC4B005A20DD /* SDWebImageSwiftUI.framework in Frameworks */ = {isa = PBXBuildFile; fileRef = DCD72B702383CC3C005A20DD /* SDWebImageSwiftUI.framework */; };
		DCD72B772383D9D4005A20DD /* MovieDetailView.swift in Sources */ = {isa = PBXBuildFile; fileRef = DCD72B762383D9D4005A20DD /* MovieDetailView.swift */; };
		DCD72B782383E882005A20DD /* MovieDetailView.swift in Sources */ = {isa = PBXBuildFile; fileRef = DCD72B762383D9D4005A20DD /* MovieDetailView.swift */; };
/* End PBXBuildFile section */

/* Begin PBXContainerItemProxy section */
		AA9D641D23767551007130CA /* PBXContainerItemProxy */ = {
			isa = PBXContainerItemProxy;
			containerPortal = AA9D63FE2376754D007130CA /* Project object */;
			proxyType = 1;
			remoteGlobalIDString = AA9D64052376754D007130CA;
			remoteInfo = Cathay;
		};
/* End PBXContainerItemProxy section */

/* Begin PBXFileReference section */
		AA4FB6622382BEA600385200 /* AllMoviesView.swift */ = {isa = PBXFileReference; lastKnownFileType = sourcecode.swift; path = AllMoviesView.swift; sourceTree = "<group>"; };
		AA4FB6642382BED800385200 /* MovieRow.swift */ = {isa = PBXFileReference; lastKnownFileType = sourcecode.swift; path = MovieRow.swift; sourceTree = "<group>"; };
		AA6E0B6B2377018200E4EB92 /* ViewModelType.swift */ = {isa = PBXFileReference; lastKnownFileType = sourcecode.swift; path = ViewModelType.swift; sourceTree = "<group>"; };
		AA6E0B6E237702E700E4EB92 /* MovieModel.swift */ = {isa = PBXFileReference; lastKnownFileType = sourcecode.swift; path = MovieModel.swift; sourceTree = "<group>"; };
		AA6E0B742377057200E4EB92 /* APIClient.swift */ = {isa = PBXFileReference; lastKnownFileType = sourcecode.swift; path = APIClient.swift; sourceTree = "<group>"; };
		AA6E0B762377067600E4EB92 /* MovieRepository.swift */ = {isa = PBXFileReference; lastKnownFileType = sourcecode.swift; path = MovieRepository.swift; sourceTree = "<group>"; };
		AA6E0B782377077500E4EB92 /* APIRequest.swift */ = {isa = PBXFileReference; lastKnownFileType = sourcecode.swift; path = APIRequest.swift; sourceTree = "<group>"; };
		AA98E516237ADDE700A0CEA2 /* AllMoviesResponseModel.swift */ = {isa = PBXFileReference; lastKnownFileType = sourcecode.swift; path = AllMoviesResponseModel.swift; sourceTree = "<group>"; };
		AA98E518237ADF2200A0CEA2 /* Extensions.swift */ = {isa = PBXFileReference; lastKnownFileType = sourcecode.swift; path = Extensions.swift; sourceTree = "<group>"; };
		AA98E51A237AE6A200A0CEA2 /* MovieDetail.json */ = {isa = PBXFileReference; lastKnownFileType = text.json; path = MovieDetail.json; sourceTree = "<group>"; };
		AA98E51C237AE8A900A0CEA2 /* GenreModel.swift */ = {isa = PBXFileReference; lastKnownFileType = sourcecode.swift; path = GenreModel.swift; sourceTree = "<group>"; };
		AA98E52F237AEB3B00A0CEA2 /* ModelTests.swift */ = {isa = PBXFileReference; lastKnownFileType = sourcecode.swift; path = ModelTests.swift; sourceTree = "<group>"; };
		AA9D64062376754D007130CA /* Cathay.app */ = {isa = PBXFileReference; explicitFileType = wrapper.application; includeInIndex = 0; path = Cathay.app; sourceTree = BUILT_PRODUCTS_DIR; };
		AA9D64092376754D007130CA /* AppDelegate.swift */ = {isa = PBXFileReference; lastKnownFileType = sourcecode.swift; path = AppDelegate.swift; sourceTree = "<group>"; };
		AA9D640B2376754D007130CA /* SceneDelegate.swift */ = {isa = PBXFileReference; lastKnownFileType = sourcecode.swift; path = SceneDelegate.swift; sourceTree = "<group>"; };
		AA9D64102376754D007130CA /* Base */ = {isa = PBXFileReference; lastKnownFileType = file.storyboard; name = Base; path = Base.lproj/Main.storyboard; sourceTree = "<group>"; };
		AA9D641223767550007130CA /* Assets.xcassets */ = {isa = PBXFileReference; lastKnownFileType = folder.assetcatalog; path = Assets.xcassets; sourceTree = "<group>"; };
		AA9D641523767550007130CA /* Base */ = {isa = PBXFileReference; lastKnownFileType = file.storyboard; name = Base; path = Base.lproj/LaunchScreen.storyboard; sourceTree = "<group>"; };
		AA9D641723767550007130CA /* Info.plist */ = {isa = PBXFileReference; lastKnownFileType = text.plist.xml; path = Info.plist; sourceTree = "<group>"; };
		AA9D641C23767551007130CA /* CathayTests.xctest */ = {isa = PBXFileReference; explicitFileType = wrapper.cfbundle; includeInIndex = 0; path = CathayTests.xctest; sourceTree = BUILT_PRODUCTS_DIR; };
		AA9D642023767551007130CA /* CathayTests.swift */ = {isa = PBXFileReference; lastKnownFileType = sourcecode.swift; path = CathayTests.swift; sourceTree = "<group>"; };
		AA9D642223767551007130CA /* Info.plist */ = {isa = PBXFileReference; lastKnownFileType = text.plist.xml; path = Info.plist; sourceTree = "<group>"; };
		AA9D642E23767F7A007130CA /* Carthage */ = {isa = PBXFileReference; lastKnownFileType = folder; path = Carthage; sourceTree = "<group>"; };
		AA9D643123767F8D007130CA /* RxBlocking.framework */ = {isa = PBXFileReference; lastKnownFileType = wrapper.framework; name = RxBlocking.framework; path = Carthage/Build/iOS/RxBlocking.framework; sourceTree = "<group>"; };
		AA9D643523767F90007130CA /* RxCocoa.framework */ = {isa = PBXFileReference; lastKnownFileType = wrapper.framework; name = RxCocoa.framework; path = Carthage/Build/iOS/RxCocoa.framework; sourceTree = "<group>"; };
		AA9D643823767F92007130CA /* RxFlow.framework */ = {isa = PBXFileReference; lastKnownFileType = wrapper.framework; name = RxFlow.framework; path = Carthage/Build/iOS/RxFlow.framework; sourceTree = "<group>"; };
		AA9D643B23767F95007130CA /* RxRelay.framework */ = {isa = PBXFileReference; lastKnownFileType = wrapper.framework; name = RxRelay.framework; path = Carthage/Build/iOS/RxRelay.framework; sourceTree = "<group>"; };
		AA9D643E23767F98007130CA /* RxSwift.framework */ = {isa = PBXFileReference; lastKnownFileType = wrapper.framework; name = RxSwift.framework; path = Carthage/Build/iOS/RxSwift.framework; sourceTree = "<group>"; };
		AA9D644123768249007130CA /* README.md */ = {isa = PBXFileReference; fileEncoding = 4; lastKnownFileType = net.daringfireball.markdown; path = README.md; sourceTree = "<group>"; };
		AACCF0572379A3C400D81E17 /* AllMovies.json */ = {isa = PBXFileReference; lastKnownFileType = text.json; path = AllMovies.json; sourceTree = "<group>"; };
		AADA8B4A2376E362000AE3BA /* MainSteps.swift */ = {isa = PBXFileReference; lastKnownFileType = sourcecode.swift; path = MainSteps.swift; sourceTree = "<group>"; };
		AADA8B4C2376E407000AE3BA /* MainFlow.swift */ = {isa = PBXFileReference; lastKnownFileType = sourcecode.swift; path = MainFlow.swift; sourceTree = "<group>"; };
		AADA8B512376E51C000AE3BA /* AllMoviesViewModel.swift */ = {isa = PBXFileReference; lastKnownFileType = sourcecode.swift; path = AllMoviesViewModel.swift; sourceTree = "<group>"; };
		AADA8B532376E62E000AE3BA /* AllMoviesViewController.swift */ = {isa = PBXFileReference; lastKnownFileType = sourcecode.swift; path = AllMoviesViewController.swift; sourceTree = "<group>"; };
		AADA8B542376E62E000AE3BA /* AllMoviesViewController.xib */ = {isa = PBXFileReference; lastKnownFileType = file.xib; path = AllMoviesViewController.xib; sourceTree = "<group>"; };
		AADA8B592376EADB000AE3BA /* Action.framework */ = {isa = PBXFileReference; lastKnownFileType = wrapper.framework; name = Action.framework; path = Carthage/Build/iOS/Action.framework; sourceTree = "<group>"; };
		AADA8B5D2376EADE000AE3BA /* Differentiator.framework */ = {isa = PBXFileReference; lastKnownFileType = wrapper.framework; name = Differentiator.framework; path = Carthage/Build/iOS/Differentiator.framework; sourceTree = "<group>"; };
		AADA8B602376EAE1000AE3BA /* Reusable.framework */ = {isa = PBXFileReference; lastKnownFileType = wrapper.framework; name = Reusable.framework; path = Carthage/Build/iOS/Reusable.framework; sourceTree = "<group>"; };
		AADA8B632376EAE6000AE3BA /* RxDataSources.framework */ = {isa = PBXFileReference; lastKnownFileType = wrapper.framework; name = RxDataSources.framework; path = Carthage/Build/iOS/RxDataSources.framework; sourceTree = "<group>"; };
		AADA8B662376EAE9000AE3BA /* RxOptional.framework */ = {isa = PBXFileReference; lastKnownFileType = wrapper.framework; name = RxOptional.framework; path = Carthage/Build/iOS/RxOptional.framework; sourceTree = "<group>"; };
		AADA8B692376EAEE000AE3BA /* RxSwiftExt.framework */ = {isa = PBXFileReference; lastKnownFileType = wrapper.framework; name = RxSwiftExt.framework; path = Carthage/Build/iOS/RxSwiftExt.framework; sourceTree = "<group>"; };
		AADA8B6E2376ED8A000AE3BA /* MovieDetailViewModel.swift */ = {isa = PBXFileReference; lastKnownFileType = sourcecode.swift; path = MovieDetailViewModel.swift; sourceTree = "<group>"; };
		AADA8B702376EDA1000AE3BA /* MovieDetailViewController.swift */ = {isa = PBXFileReference; lastKnownFileType = sourcecode.swift; path = MovieDetailViewController.swift; sourceTree = "<group>"; };
		AADA8B712376EDA1000AE3BA /* MovieDetailViewController.xib */ = {isa = PBXFileReference; lastKnownFileType = file.xib; path = MovieDetailViewController.xib; sourceTree = "<group>"; };
		AADA8B742376F234000AE3BA /* MainStepper.swift */ = {isa = PBXFileReference; lastKnownFileType = sourcecode.swift; path = MainStepper.swift; sourceTree = "<group>"; };
		DCB8E41C2383932800CA85A1 /* Constants.swift */ = {isa = PBXFileReference; lastKnownFileType = sourcecode.swift; path = Constants.swift; sourceTree = "<group>"; };
		DCB8E41E23839DD000CA85A1 /* APIErrors.swift */ = {isa = PBXFileReference; lastKnownFileType = sourcecode.swift; path = APIErrors.swift; sourceTree = "<group>"; };
		DCD72B702383CC3C005A20DD /* SDWebImageSwiftUI.framework */ = {isa = PBXFileReference; lastKnownFileType = wrapper.framework; name = SDWebImageSwiftUI.framework; path = Carthage/Build/iOS/SDWebImageSwiftUI.framework; sourceTree = "<group>"; };
		DCD72B762383D9D4005A20DD /* MovieDetailView.swift */ = {isa = PBXFileReference; lastKnownFileType = sourcecode.swift; path = MovieDetailView.swift; sourceTree = "<group>"; };
/* End PBXFileReference section */

/* Begin PBXFrameworksBuildPhase section */
		AA9D64032376754D007130CA /* Frameworks */ = {
			isa = PBXFrameworksBuildPhase;
			buildActionMask = 2147483647;
			files = (
				AADA8B5E2376EADE000AE3BA /* Differentiator.framework in Frameworks */,
				AADA8B672376EAE9000AE3BA /* RxOptional.framework in Frameworks */,
				AADA8B5A2376EADB000AE3BA /* Action.framework in Frameworks */,
				AA9D643F23767F98007130CA /* RxSwift.framework in Frameworks */,
				AADA8B6A2376EAEE000AE3BA /* RxSwiftExt.framework in Frameworks */,
				AA9D643C23767F95007130CA /* RxRelay.framework in Frameworks */,
				DCD72B712383CC3D005A20DD /* SDWebImageSwiftUI.framework in Frameworks */,
				DCD72B722383CC4B005A20DD /* SDWebImageSwiftUI.framework in Frameworks */,
				AA9D643623767F90007130CA /* RxCocoa.framework in Frameworks */,
				AA9D643923767F92007130CA /* RxFlow.framework in Frameworks */,
				AADA8B612376EAE1000AE3BA /* Reusable.framework in Frameworks */,
			);
			runOnlyForDeploymentPostprocessing = 0;
		};
		AA9D641923767551007130CA /* Frameworks */ = {
			isa = PBXFrameworksBuildPhase;
			buildActionMask = 2147483647;
			files = (
				AA98E531237AEDA100A0CEA2 /* Reusable.framework in Frameworks */,
				AA98E532237AEDA100A0CEA2 /* RxSwift.framework in Frameworks */,
				AA98E533237AEDA100A0CEA2 /* RxRelay.framework in Frameworks */,
				AA98E534237AEDA100A0CEA2 /* RxOptional.framework in Frameworks */,
				AA98E535237AEDA100A0CEA2 /* RxSwiftExt.framework in Frameworks */,
				AA98E536237AEDA100A0CEA2 /* Differentiator.framework in Frameworks */,
				AA98E537237AEDA100A0CEA2 /* RxDataSources.framework in Frameworks */,
				AA98E538237AEDA100A0CEA2 /* RxBlocking.framework in Frameworks */,
				AA98E539237AEDA100A0CEA2 /* Action.framework in Frameworks */,
				AA98E53A237AEDA100A0CEA2 /* RxCocoa.framework in Frameworks */,
				AA98E53B237AEDA100A0CEA2 /* RxFlow.framework in Frameworks */,
			);
			runOnlyForDeploymentPostprocessing = 0;
		};
/* End PBXFrameworksBuildPhase section */

/* Begin PBXGroup section */
		AA4FB6662382BEDF00385200 /* SwiftUIs */ = {
			isa = PBXGroup;
			children = (
				AA4FB6642382BED800385200 /* MovieRow.swift */,
				AA4FB6622382BEA600385200 /* AllMoviesView.swift */,
			);
			path = SwiftUIs;
			sourceTree = "<group>";
		};
		AA6E0B682377014E00E4EB92 /* Common */ = {
			isa = PBXGroup;
			children = (
				AA6E0B6A2377015A00E4EB92 /* Extensions */,
				AA6E0B692377015600E4EB92 /* Bases */,
				DCB8E41C2383932800CA85A1 /* Constants.swift */,
			);
			path = Common;
			sourceTree = "<group>";
		};
		AA6E0B692377015600E4EB92 /* Bases */ = {
			isa = PBXGroup;
			children = (
				AA6E0B6B2377018200E4EB92 /* ViewModelType.swift */,
			);
			path = Bases;
			sourceTree = "<group>";
		};
		AA6E0B6A2377015A00E4EB92 /* Extensions */ = {
			isa = PBXGroup;
			children = (
				AA98E518237ADF2200A0CEA2 /* Extensions.swift */,
			);
			path = Extensions;
			sourceTree = "<group>";
		};
		AA6E0B6D237702DA00E4EB92 /* Models */ = {
			isa = PBXGroup;
			children = (
				AA6E0B6E237702E700E4EB92 /* MovieModel.swift */,
				AA98E516237ADDE700A0CEA2 /* AllMoviesResponseModel.swift */,
				AA98E51C237AE8A900A0CEA2 /* GenreModel.swift */,
			);
			path = Models;
			sourceTree = "<group>";
		};
		AA6E0B732377055F00E4EB92 /* Repository */ = {
			isa = PBXGroup;
			children = (
				AA6E0B782377077500E4EB92 /* APIRequest.swift */,
				AA6E0B742377057200E4EB92 /* APIClient.swift */,
				AA6E0B762377067600E4EB92 /* MovieRepository.swift */,
				DCB8E41E23839DD000CA85A1 /* APIErrors.swift */,
			);
			path = Repository;
			sourceTree = "<group>";
		};
		AA9D63FD2376754D007130CA = {
			isa = PBXGroup;
			children = (
				AA9D644123768249007130CA /* README.md */,
				AA9D64082376754D007130CA /* Cathay */,
				AA9D641F23767551007130CA /* CathayTests */,
				AA9D64072376754D007130CA /* Products */,
				AA9D642E23767F7A007130CA /* Carthage */,
				AA9D643023767F8D007130CA /* Frameworks */,
			);
			sourceTree = "<group>";
		};
		AA9D64072376754D007130CA /* Products */ = {
			isa = PBXGroup;
			children = (
				AA9D64062376754D007130CA /* Cathay.app */,
				AA9D641C23767551007130CA /* CathayTests.xctest */,
			);
			name = Products;
			sourceTree = "<group>";
		};
		AA9D64082376754D007130CA /* Cathay */ = {
			isa = PBXGroup;
			children = (
				AACCF0552379A38100D81E17 /* Resources */,
				AA6E0B682377014E00E4EB92 /* Common */,
				AA6E0B732377055F00E4EB92 /* Repository */,
				AADA8B4E2376E4ED000AE3BA /* Features */,
				AADA8B492376E336000AE3BA /* Coordinate */,
				AA9D64092376754D007130CA /* AppDelegate.swift */,
				AA9D640B2376754D007130CA /* SceneDelegate.swift */,
				AA9D640F2376754D007130CA /* Main.storyboard */,
				AA9D641423767550007130CA /* LaunchScreen.storyboard */,
				AA9D641723767550007130CA /* Info.plist */,
			);
			path = Cathay;
			sourceTree = "<group>";
		};
		AA9D641F23767551007130CA /* CathayTests */ = {
			isa = PBXGroup;
			children = (
				AA98E52F237AEB3B00A0CEA2 /* ModelTests.swift */,
				AA9D642023767551007130CA /* CathayTests.swift */,
				AA9D642223767551007130CA /* Info.plist */,
			);
			path = CathayTests;
			sourceTree = "<group>";
		};
		AA9D643023767F8D007130CA /* Frameworks */ = {
			isa = PBXGroup;
			children = (
				DCD72B702383CC3C005A20DD /* SDWebImageSwiftUI.framework */,
				AADA8B602376EAE1000AE3BA /* Reusable.framework */,
				AA9D643E23767F98007130CA /* RxSwift.framework */,
				AA9D643B23767F95007130CA /* RxRelay.framework */,
				AADA8B662376EAE9000AE3BA /* RxOptional.framework */,
				AADA8B692376EAEE000AE3BA /* RxSwiftExt.framework */,
				AADA8B5D2376EADE000AE3BA /* Differentiator.framework */,
				AADA8B632376EAE6000AE3BA /* RxDataSources.framework */,
				AA9D643123767F8D007130CA /* RxBlocking.framework */,
				AADA8B592376EADB000AE3BA /* Action.framework */,
				AA9D643523767F90007130CA /* RxCocoa.framework */,
				AA9D643823767F92007130CA /* RxFlow.framework */,
			);
			name = Frameworks;
			sourceTree = "<group>";
		};
		AACCF0552379A38100D81E17 /* Resources */ = {
			isa = PBXGroup;
			children = (
				AACCF0562379A38B00D81E17 /* Jsons */,
				AA9D641223767550007130CA /* Assets.xcassets */,
			);
			path = Resources;
			sourceTree = "<group>";
		};
		AACCF0562379A38B00D81E17 /* Jsons */ = {
			isa = PBXGroup;
			children = (
				AACCF0572379A3C400D81E17 /* AllMovies.json */,
				AA98E51A237AE6A200A0CEA2 /* MovieDetail.json */,
			);
			path = Jsons;
			sourceTree = "<group>";
		};
		AADA8B492376E336000AE3BA /* Coordinate */ = {
			isa = PBXGroup;
			children = (
				AADA8B742376F234000AE3BA /* MainStepper.swift */,
				AADA8B4A2376E362000AE3BA /* MainSteps.swift */,
				AADA8B4C2376E407000AE3BA /* MainFlow.swift */,
			);
			path = Coordinate;
			sourceTree = "<group>";
		};
		AADA8B4E2376E4ED000AE3BA /* Features */ = {
			isa = PBXGroup;
			children = (
				AADA8B4F2376E4F3000AE3BA /* AllMovies */,
				AADA8B502376E4FC000AE3BA /* MovieDetail */,
			);
			path = Features;
			sourceTree = "<group>";
		};
		AADA8B4F2376E4F3000AE3BA /* AllMovies */ = {
			isa = PBXGroup;
			children = (
				AA6E0B6D237702DA00E4EB92 /* Models */,
				AADA8B582376E638000AE3BA /* ViewModels */,
				AADA8B572376E632000AE3BA /* Views */,
			);
			path = AllMovies;
			sourceTree = "<group>";
		};
		AADA8B502376E4FC000AE3BA /* MovieDetail */ = {
			isa = PBXGroup;
			children = (
				AADA8B6D2376ED74000AE3BA /* ViewModels */,
				AADA8B6C2376ED6E000AE3BA /* Views */,
			);
			path = MovieDetail;
			sourceTree = "<group>";
		};
		AADA8B572376E632000AE3BA /* Views */ = {
			isa = PBXGroup;
			children = (
				AA4FB6662382BEDF00385200 /* SwiftUIs */,
				AADA8B532376E62E000AE3BA /* AllMoviesViewController.swift */,
				AADA8B542376E62E000AE3BA /* AllMoviesViewController.xib */,
			);
			path = Views;
			sourceTree = "<group>";
		};
		AADA8B582376E638000AE3BA /* ViewModels */ = {
			isa = PBXGroup;
			children = (
				AADA8B512376E51C000AE3BA /* AllMoviesViewModel.swift */,
			);
			path = ViewModels;
			sourceTree = "<group>";
		};
		AADA8B6C2376ED6E000AE3BA /* Views */ = {
			isa = PBXGroup;
			children = (
				DCD72B752383D9BD005A20DD /* SwiftUIs */,
				AADA8B702376EDA1000AE3BA /* MovieDetailViewController.swift */,
				AADA8B712376EDA1000AE3BA /* MovieDetailViewController.xib */,
			);
			path = Views;
			sourceTree = "<group>";
		};
		AADA8B6D2376ED74000AE3BA /* ViewModels */ = {
			isa = PBXGroup;
			children = (
				AADA8B6E2376ED8A000AE3BA /* MovieDetailViewModel.swift */,
			);
			path = ViewModels;
			sourceTree = "<group>";
		};
		DCD72B752383D9BD005A20DD /* SwiftUIs */ = {
			isa = PBXGroup;
			children = (
				DCD72B762383D9D4005A20DD /* MovieDetailView.swift */,
			);
			path = SwiftUIs;
			sourceTree = "<group>";
		};
/* End PBXGroup section */

/* Begin PBXNativeTarget section */
		AA9D64052376754D007130CA /* Cathay */ = {
			isa = PBXNativeTarget;
			buildConfigurationList = AA9D642523767551007130CA /* Build configuration list for PBXNativeTarget "Cathay" */;
			buildPhases = (
				AA9D64022376754D007130CA /* Sources */,
				AA9D64032376754D007130CA /* Frameworks */,
				AA9D64042376754D007130CA /* Resources */,
				AA9D642C23767EC7007130CA /* Carthage */,
			);
			buildRules = (
			);
			dependencies = (
			);
			name = Cathay;
			productName = Cathay;
			productReference = AA9D64062376754D007130CA /* Cathay.app */;
			productType = "com.apple.product-type.application";
		};
		AA9D641B23767551007130CA /* CathayTests */ = {
			isa = PBXNativeTarget;
			buildConfigurationList = AA9D642823767551007130CA /* Build configuration list for PBXNativeTarget "CathayTests" */;
			buildPhases = (
				AA9D641823767551007130CA /* Sources */,
				AA9D641923767551007130CA /* Frameworks */,
				AA9D641A23767551007130CA /* Resources */,
				AA98E53D237AF0CE00A0CEA2 /* Carthage */,
			);
			buildRules = (
			);
			dependencies = (
				AA9D641E23767551007130CA /* PBXTargetDependency */,
			);
			name = CathayTests;
			productName = CathayTests;
			productReference = AA9D641C23767551007130CA /* CathayTests.xctest */;
			productType = "com.apple.product-type.bundle.unit-test";
		};
/* End PBXNativeTarget section */

/* Begin PBXProject section */
		AA9D63FE2376754D007130CA /* Project object */ = {
			isa = PBXProject;
			attributes = {
				LastSwiftUpdateCheck = 1120;
				LastUpgradeCheck = 1120;
				ORGANIZATIONNAME = Steve;
				TargetAttributes = {
					AA9D64052376754D007130CA = {
						CreatedOnToolsVersion = 11.2;
					};
					AA9D641B23767551007130CA = {
						CreatedOnToolsVersion = 11.2;
						TestTargetID = AA9D64052376754D007130CA;
					};
				};
			};
			buildConfigurationList = AA9D64012376754D007130CA /* Build configuration list for PBXProject "Cathay" */;
			compatibilityVersion = "Xcode 9.3";
			developmentRegion = en;
			hasScannedForEncodings = 0;
			knownRegions = (
				en,
				Base,
			);
			mainGroup = AA9D63FD2376754D007130CA;
			productRefGroup = AA9D64072376754D007130CA /* Products */;
			projectDirPath = "";
			projectRoot = "";
			targets = (
				AA9D64052376754D007130CA /* Cathay */,
				AA9D641B23767551007130CA /* CathayTests */,
			);
		};
/* End PBXProject section */

/* Begin PBXResourcesBuildPhase section */
		AA9D64042376754D007130CA /* Resources */ = {
			isa = PBXResourcesBuildPhase;
			buildActionMask = 2147483647;
			files = (
				AADA8B732376EDA1000AE3BA /* MovieDetailViewController.xib in Resources */,
				AA9D641623767550007130CA /* LaunchScreen.storyboard in Resources */,
				AA98E51B237AE6A200A0CEA2 /* MovieDetail.json in Resources */,
				AACCF0582379A3C400D81E17 /* AllMovies.json in Resources */,
				AADA8B562376E62E000AE3BA /* AllMoviesViewController.xib in Resources */,
				AA9D641323767550007130CA /* Assets.xcassets in Resources */,
				AA9D644223768249007130CA /* README.md in Resources */,
				AA9D64112376754D007130CA /* Main.storyboard in Resources */,
				AA9D642F23767F7A007130CA /* Carthage in Resources */,
			);
			runOnlyForDeploymentPostprocessing = 0;
		};
		AA9D641A23767551007130CA /* Resources */ = {
			isa = PBXResourcesBuildPhase;
			buildActionMask = 2147483647;
			files = (
				AA98E52B237AEAFE00A0CEA2 /* MovieDetailViewController.xib in Resources */,
				AA98E51E237AEAA800A0CEA2 /* AllMovies.json in Resources */,
				AA98E51F237AEAAB00A0CEA2 /* MovieDetail.json in Resources */,
			);
			runOnlyForDeploymentPostprocessing = 0;
		};
/* End PBXResourcesBuildPhase section */

/* Begin PBXShellScriptBuildPhase section */
		AA98E53D237AF0CE00A0CEA2 /* Carthage */ = {
			isa = PBXShellScriptBuildPhase;
			buildActionMask = 2147483647;
			files = (
			);
			inputFileListPaths = (
			);
			inputPaths = (
				"$(SRCROOT)/Carthage/Build/iOS/RxFlow.framework",
				"$(SRCROOT)/Carthage/Build/iOS/RxSwift.framework",
				"$(SRCROOT)/Carthage/Build/iOS/RxCocoa.framework",
				"$(SRCROOT)/Carthage/Build/iOS/RxRelay.framework",
				"$(SRCROOT)/Carthage/Build/iOS/RxDataSources.framework",
				"$(SRCROOT)/Carthage/Build/iOS/Action.framework",
				"$(SRCROOT)/Carthage/Build/iOS/RxOptional.framework",
				"$(SRCROOT)/Carthage/Build/iOS/Differentiator.framework",
				"$(SRCROOT)/Carthage/Build/iOS/RxSwiftExt.framework",
				"$(SRCROOT)/Carthage/Build/iOS/Reusable.framework",
				"$(SRCROOT)/Carthage/Build/iOS/RxBlocking.framework",
			);
			name = Carthage;
			outputFileListPaths = (
			);
			outputPaths = (
				"$(BUILT_PRODUCTS_DIR)/$(FRAMEWORKS_FOLDER_PATH)/RxFlow.framework",
				"$(BUILT_PRODUCTS_DIR)/$(FRAMEWORKS_FOLDER_PATH)/RxSwift.framework",
				"$(BUILT_PRODUCTS_DIR)/$(FRAMEWORKS_FOLDER_PATH)/RxCocoa.framework",
				"$(BUILT_PRODUCTS_DIR)/$(FRAMEWORKS_FOLDER_PATH)/RxRelay.framework",
				"$(BUILT_PRODUCTS_DIR)/$(FRAMEWORKS_FOLDER_PATH)/RxDataSources.framework",
				"$(BUILT_PRODUCTS_DIR)/$(FRAMEWORKS_FOLDER_PATH)/Action.framework",
				"$(BUILT_PRODUCTS_DIR)/$(FRAMEWORKS_FOLDER_PATH)/RxOptional.framework",
				"$(BUILT_PRODUCTS_DIR)/$(FRAMEWORKS_FOLDER_PATH)/Differentiator.framework",
				"$(BUILT_PRODUCTS_DIR)/$(FRAMEWORKS_FOLDER_PATH)/RxSwiftExt.framework",
				"$(BUILT_PRODUCTS_DIR)/$(FRAMEWORKS_FOLDER_PATH)/Reusable.framework",
				"$(BUILT_PRODUCTS_DIR)/$(FRAMEWORKS_FOLDER_PATH)/RxBlocking.framework",
			);
			runOnlyForDeploymentPostprocessing = 0;
			shellPath = /bin/sh;
			shellScript = "/usr/local/bin/carthage copy-frameworks\n";
		};
		AA9D642C23767EC7007130CA /* Carthage */ = {
			isa = PBXShellScriptBuildPhase;
			buildActionMask = 2147483647;
			files = (
			);
			inputFileListPaths = (
			);
			inputPaths = (
				"$(SRCROOT)/Carthage/Build/iOS/RxFlow.framework",
				"$(SRCROOT)/Carthage/Build/iOS/RxSwift.framework",
				"$(SRCROOT)/Carthage/Build/iOS/RxCocoa.framework",
				"$(SRCROOT)/Carthage/Build/iOS/RxRelay.framework",
				"$(SRCROOT)/Carthage/Build/iOS/Action.framework",
				"$(SRCROOT)/Carthage/Build/iOS/RxOptional.framework",
				"$(SRCROOT)/Carthage/Build/iOS/RxSwiftExt.framework",
				"$(SRCROOT)/Carthage/Build/iOS/Differentiator.framework",
				"$(SRCROOT)/Carthage/Build/iOS/Reusable.framework",
				"$(SRCROOT)/Carthage/Build/iOS/SDWebImageSwiftUI.framework",
			);
			name = Carthage;
			outputFileListPaths = (
			);
			outputPaths = (
				"$(BUILT_PRODUCTS_DIR)/$(FRAMEWORKS_FOLDER_PATH)/RxFlow.framework",
				"$(BUILT_PRODUCTS_DIR)/$(FRAMEWORKS_FOLDER_PATH)/RxSwift.framework",
				"$(BUILT_PRODUCTS_DIR)/$(FRAMEWORKS_FOLDER_PATH)/RxCocoa.framework",
				"$(BUILT_PRODUCTS_DIR)/$(FRAMEWORKS_FOLDER_PATH)/RxRelay.framework",
				"$(BUILT_PRODUCTS_DIR)/$(FRAMEWORKS_FOLDER_PATH)/Action.framework",
				"$(BUILT_PRODUCTS_DIR)/$(FRAMEWORKS_FOLDER_PATH)/RxOptional.framework",
				"$(BUILT_PRODUCTS_DIR)/$(FRAMEWORKS_FOLDER_PATH)/Differentiator.framework",
				"$(BUILT_PRODUCTS_DIR)/$(FRAMEWORKS_FOLDER_PATH)/RxSwiftExt.framework",
				"$(BUILT_PRODUCTS_DIR)/$(FRAMEWORKS_FOLDER_PATH)/Reusable.framework",
				"$(BUILT_PRODUCTS_DIR)/$(FRAMEWORKS_FOLDER_PATH)/SDWebImageSwiftUI.framework",
			);
			runOnlyForDeploymentPostprocessing = 0;
			shellPath = /bin/sh;
			shellScript = "/usr/local/bin/carthage copy-frameworks\n";
		};
/* End PBXShellScriptBuildPhase section */

/* Begin PBXSourcesBuildPhase section */
		AA9D64022376754D007130CA /* Sources */ = {
			isa = PBXSourcesBuildPhase;
			buildActionMask = 2147483647;
			files = (
				AA6E0B6F237702E700E4EB92 /* MovieModel.swift in Sources */,
				AA6E0B6C2377018200E4EB92 /* ViewModelType.swift in Sources */,
				AA98E51D237AE8A900A0CEA2 /* GenreModel.swift in Sources */,
				AA98E517237ADDE700A0CEA2 /* AllMoviesResponseModel.swift in Sources */,
				AADA8B4B2376E362000AE3BA /* MainSteps.swift in Sources */,
				AA4FB6652382BED800385200 /* MovieRow.swift in Sources */,
				AA4FB6632382BEA600385200 /* AllMoviesView.swift in Sources */,
				AA6E0B772377067600E4EB92 /* MovieRepository.swift in Sources */,
				DCB8E41F23839DD100CA85A1 /* APIErrors.swift in Sources */,
				AADA8B552376E62E000AE3BA /* AllMoviesViewController.swift in Sources */,
				DCD72B772383D9D4005A20DD /* MovieDetailView.swift in Sources */,
				AADA8B4D2376E407000AE3BA /* MainFlow.swift in Sources */,
				AADA8B6F2376ED8A000AE3BA /* MovieDetailViewModel.swift in Sources */,
				AADA8B752376F234000AE3BA /* MainStepper.swift in Sources */,
				AA9D640A2376754D007130CA /* AppDelegate.swift in Sources */,
				AA6E0B752377057200E4EB92 /* APIClient.swift in Sources */,
				AA9D640C2376754D007130CA /* SceneDelegate.swift in Sources */,
				DCB8E41D2383932800CA85A1 /* Constants.swift in Sources */,
				AADA8B722376EDA1000AE3BA /* MovieDetailViewController.swift in Sources */,
				AA98E519237ADF2200A0CEA2 /* Extensions.swift in Sources */,
				AA6E0B792377077500E4EB92 /* APIRequest.swift in Sources */,
				AADA8B522376E51C000AE3BA /* AllMoviesViewModel.swift in Sources */,
			);
			runOnlyForDeploymentPostprocessing = 0;
		};
		AA9D641823767551007130CA /* Sources */ = {
			isa = PBXSourcesBuildPhase;
			buildActionMask = 2147483647;
			files = (
				AA4FB6682382D44400385200 /* AllMoviesView.swift in Sources */,
				AA98E52C237AEB0300A0CEA2 /* MainStepper.swift in Sources */,
				AA98E525237AEADE00A0CEA2 /* AllMoviesResponseModel.swift in Sources */,
				DCD72B6D2383C88E005A20DD /* APIErrors.swift in Sources */,
				AA98E52E237AEB0800A0CEA2 /* MainFlow.swift in Sources */,
				AA98E524237AEADC00A0CEA2 /* MovieModel.swift in Sources */,
				AA9D642123767551007130CA /* CathayTests.swift in Sources */,
				AA98E520237AEAB900A0CEA2 /* Extensions.swift in Sources */,
				AA98E52A237AEAF900A0CEA2 /* MovieDetailViewController.swift in Sources */,
				AA4FB6672382D44100385200 /* MovieRow.swift in Sources */,
				DCD72B782383E882005A20DD /* MovieDetailView.swift in Sources */,
				AA98E521237AEABE00A0CEA2 /* ViewModelType.swift in Sources */,
				AA98E527237AEAE900A0CEA2 /* AllMoviesViewModel.swift in Sources */,
				AA98E529237AEAF500A0CEA2 /* MovieDetailViewModel.swift in Sources */,
				AA98E526237AEAE100A0CEA2 /* GenreModel.swift in Sources */,
				AA98E52D237AEB0500A0CEA2 /* MainSteps.swift in Sources */,
				AA98E528237AEAEE00A0CEA2 /* AllMoviesViewController.swift in Sources */,
				DCD72B6B2383C874005A20DD /* Constants.swift in Sources */,
				AA98E523237AEAD600A0CEA2 /* MovieRepository.swift in Sources */,
				AA98E53C237AEDD200A0CEA2 /* APIRequest.swift in Sources */,
				AA98E522237AEAD400A0CEA2 /* APIClient.swift in Sources */,
				AA98E530237AEB3B00A0CEA2 /* ModelTests.swift in Sources */,
			);
			runOnlyForDeploymentPostprocessing = 0;
		};
/* End PBXSourcesBuildPhase section */

/* Begin PBXTargetDependency section */
		AA9D641E23767551007130CA /* PBXTargetDependency */ = {
			isa = PBXTargetDependency;
			target = AA9D64052376754D007130CA /* Cathay */;
			targetProxy = AA9D641D23767551007130CA /* PBXContainerItemProxy */;
		};
/* End PBXTargetDependency section */

/* Begin PBXVariantGroup section */
		AA9D640F2376754D007130CA /* Main.storyboard */ = {
			isa = PBXVariantGroup;
			children = (
				AA9D64102376754D007130CA /* Base */,
			);
			name = Main.storyboard;
			sourceTree = "<group>";
		};
		AA9D641423767550007130CA /* LaunchScreen.storyboard */ = {
			isa = PBXVariantGroup;
			children = (
				AA9D641523767550007130CA /* Base */,
			);
			name = LaunchScreen.storyboard;
			sourceTree = "<group>";
		};
/* End PBXVariantGroup section */

/* Begin XCBuildConfiguration section */
		AA9D642323767551007130CA /* Debug */ = {
			isa = XCBuildConfiguration;
			buildSettings = {
				ALWAYS_SEARCH_USER_PATHS = NO;
				CLANG_ANALYZER_NONNULL = YES;
				CLANG_ANALYZER_NUMBER_OBJECT_CONVERSION = YES_AGGRESSIVE;
				CLANG_CXX_LANGUAGE_STANDARD = "gnu++14";
				CLANG_CXX_LIBRARY = "libc++";
				CLANG_ENABLE_MODULES = YES;
				CLANG_ENABLE_OBJC_ARC = YES;
				CLANG_ENABLE_OBJC_WEAK = YES;
				CLANG_WARN_BLOCK_CAPTURE_AUTORELEASING = YES;
				CLANG_WARN_BOOL_CONVERSION = YES;
				CLANG_WARN_COMMA = YES;
				CLANG_WARN_CONSTANT_CONVERSION = YES;
				CLANG_WARN_DEPRECATED_OBJC_IMPLEMENTATIONS = YES;
				CLANG_WARN_DIRECT_OBJC_ISA_USAGE = YES_ERROR;
				CLANG_WARN_DOCUMENTATION_COMMENTS = YES;
				CLANG_WARN_EMPTY_BODY = YES;
				CLANG_WARN_ENUM_CONVERSION = YES;
				CLANG_WARN_INFINITE_RECURSION = YES;
				CLANG_WARN_INT_CONVERSION = YES;
				CLANG_WARN_NON_LITERAL_NULL_CONVERSION = YES;
				CLANG_WARN_OBJC_IMPLICIT_RETAIN_SELF = YES;
				CLANG_WARN_OBJC_LITERAL_CONVERSION = YES;
				CLANG_WARN_OBJC_ROOT_CLASS = YES_ERROR;
				CLANG_WARN_RANGE_LOOP_ANALYSIS = YES;
				CLANG_WARN_STRICT_PROTOTYPES = YES;
				CLANG_WARN_SUSPICIOUS_MOVE = YES;
				CLANG_WARN_UNGUARDED_AVAILABILITY = YES_AGGRESSIVE;
				CLANG_WARN_UNREACHABLE_CODE = YES;
				CLANG_WARN__DUPLICATE_METHOD_MATCH = YES;
				COPY_PHASE_STRIP = NO;
				DEBUG_INFORMATION_FORMAT = dwarf;
				ENABLE_STRICT_OBJC_MSGSEND = YES;
				ENABLE_TESTABILITY = YES;
				GCC_C_LANGUAGE_STANDARD = gnu11;
				GCC_DYNAMIC_NO_PIC = NO;
				GCC_NO_COMMON_BLOCKS = YES;
				GCC_OPTIMIZATION_LEVEL = 0;
				GCC_PREPROCESSOR_DEFINITIONS = (
					"DEBUG=1",
					"$(inherited)",
				);
				GCC_WARN_64_TO_32_BIT_CONVERSION = YES;
				GCC_WARN_ABOUT_RETURN_TYPE = YES_ERROR;
				GCC_WARN_UNDECLARED_SELECTOR = YES;
				GCC_WARN_UNINITIALIZED_AUTOS = YES_AGGRESSIVE;
				GCC_WARN_UNUSED_FUNCTION = YES;
				GCC_WARN_UNUSED_VARIABLE = YES;
				IPHONEOS_DEPLOYMENT_TARGET = 13.0;
				MTL_ENABLE_DEBUG_INFO = INCLUDE_SOURCE;
				MTL_FAST_MATH = YES;
				ONLY_ACTIVE_ARCH = YES;
				SDKROOT = iphoneos;
				SWIFT_ACTIVE_COMPILATION_CONDITIONS = DEBUG;
				SWIFT_OPTIMIZATION_LEVEL = "-Onone";
			};
			name = Debug;
		};
		AA9D642423767551007130CA /* Release */ = {
			isa = XCBuildConfiguration;
			buildSettings = {
				ALWAYS_SEARCH_USER_PATHS = NO;
				CLANG_ANALYZER_NONNULL = YES;
				CLANG_ANALYZER_NUMBER_OBJECT_CONVERSION = YES_AGGRESSIVE;
				CLANG_CXX_LANGUAGE_STANDARD = "gnu++14";
				CLANG_CXX_LIBRARY = "libc++";
				CLANG_ENABLE_MODULES = YES;
				CLANG_ENABLE_OBJC_ARC = YES;
				CLANG_ENABLE_OBJC_WEAK = YES;
				CLANG_WARN_BLOCK_CAPTURE_AUTORELEASING = YES;
				CLANG_WARN_BOOL_CONVERSION = YES;
				CLANG_WARN_COMMA = YES;
				CLANG_WARN_CONSTANT_CONVERSION = YES;
				CLANG_WARN_DEPRECATED_OBJC_IMPLEMENTATIONS = YES;
				CLANG_WARN_DIRECT_OBJC_ISA_USAGE = YES_ERROR;
				CLANG_WARN_DOCUMENTATION_COMMENTS = YES;
				CLANG_WARN_EMPTY_BODY = YES;
				CLANG_WARN_ENUM_CONVERSION = YES;
				CLANG_WARN_INFINITE_RECURSION = YES;
				CLANG_WARN_INT_CONVERSION = YES;
				CLANG_WARN_NON_LITERAL_NULL_CONVERSION = YES;
				CLANG_WARN_OBJC_IMPLICIT_RETAIN_SELF = YES;
				CLANG_WARN_OBJC_LITERAL_CONVERSION = YES;
				CLANG_WARN_OBJC_ROOT_CLASS = YES_ERROR;
				CLANG_WARN_RANGE_LOOP_ANALYSIS = YES;
				CLANG_WARN_STRICT_PROTOTYPES = YES;
				CLANG_WARN_SUSPICIOUS_MOVE = YES;
				CLANG_WARN_UNGUARDED_AVAILABILITY = YES_AGGRESSIVE;
				CLANG_WARN_UNREACHABLE_CODE = YES;
				CLANG_WARN__DUPLICATE_METHOD_MATCH = YES;
				COPY_PHASE_STRIP = NO;
				DEBUG_INFORMATION_FORMAT = "dwarf-with-dsym";
				ENABLE_NS_ASSERTIONS = NO;
				ENABLE_STRICT_OBJC_MSGSEND = YES;
				GCC_C_LANGUAGE_STANDARD = gnu11;
				GCC_NO_COMMON_BLOCKS = YES;
				GCC_WARN_64_TO_32_BIT_CONVERSION = YES;
				GCC_WARN_ABOUT_RETURN_TYPE = YES_ERROR;
				GCC_WARN_UNDECLARED_SELECTOR = YES;
				GCC_WARN_UNINITIALIZED_AUTOS = YES_AGGRESSIVE;
				GCC_WARN_UNUSED_FUNCTION = YES;
				GCC_WARN_UNUSED_VARIABLE = YES;
				IPHONEOS_DEPLOYMENT_TARGET = 13.0;
				MTL_ENABLE_DEBUG_INFO = NO;
				MTL_FAST_MATH = YES;
				SDKROOT = iphoneos;
				SWIFT_COMPILATION_MODE = wholemodule;
				SWIFT_OPTIMIZATION_LEVEL = "-O";
				VALIDATE_PRODUCT = YES;
			};
			name = Release;
		};
		AA9D642623767551007130CA /* Debug */ = {
			isa = XCBuildConfiguration;
			buildSettings = {
				ASSETCATALOG_COMPILER_APPICON_NAME = AppIcon;
				CODE_SIGN_STYLE = Automatic;
				FRAMEWORK_SEARCH_PATHS = (
					"$(inherited)",
					"$(PROJECT_DIR)/Carthage/Build/iOS",
				);
				INFOPLIST_FILE = Cathay/Info.plist;
				IPHONEOS_DEPLOYMENT_TARGET = 13.0;
				LD_RUNPATH_SEARCH_PATHS = (
					"$(inherited)",
					"@executable_path/Frameworks",
				);
				PRODUCT_BUNDLE_IDENTIFIER = com.stevedao.cathay;
				PRODUCT_NAME = "$(TARGET_NAME)";
				SWIFT_VERSION = 5.0;
				TARGETED_DEVICE_FAMILY = 1;
			};
			name = Debug;
		};
		AA9D642723767551007130CA /* Release */ = {
			isa = XCBuildConfiguration;
			buildSettings = {
				ASSETCATALOG_COMPILER_APPICON_NAME = AppIcon;
				CODE_SIGN_STYLE = Automatic;
				FRAMEWORK_SEARCH_PATHS = (
					"$(inherited)",
					"$(PROJECT_DIR)/Carthage/Build/iOS",
				);
				INFOPLIST_FILE = Cathay/Info.plist;
				IPHONEOS_DEPLOYMENT_TARGET = 13.0;
				LD_RUNPATH_SEARCH_PATHS = (
					"$(inherited)",
					"@executable_path/Frameworks",
				);
				PRODUCT_BUNDLE_IDENTIFIER = com.stevedao.cathay;
				PRODUCT_NAME = "$(TARGET_NAME)";
				SWIFT_VERSION = 5.0;
				TARGETED_DEVICE_FAMILY = 1;
			};
			name = Release;
		};
		AA9D642923767551007130CA /* Debug */ = {
			isa = XCBuildConfiguration;
			buildSettings = {
				ALWAYS_EMBED_SWIFT_STANDARD_LIBRARIES = YES;
				BUNDLE_LOADER = "$(TEST_HOST)";
				CODE_SIGN_STYLE = Automatic;
				FRAMEWORK_SEARCH_PATHS = (
					"$(inherited)",
					"$(PROJECT_DIR)/Carthage/Build/iOS",
				);
				INFOPLIST_FILE = CathayTests/Info.plist;
				IPHONEOS_DEPLOYMENT_TARGET = 13.0;
				LD_RUNPATH_SEARCH_PATHS = (
					"$(inherited)",
					"@executable_path/Frameworks",
					"@loader_path/Frameworks",
				);
				PRODUCT_BUNDLE_IDENTIFIER = com.stevedao.CathayTests;
				PRODUCT_NAME = "$(TARGET_NAME)";
				SWIFT_VERSION = 5.0;
				TARGETED_DEVICE_FAMILY = 1;
				TEST_HOST = "$(BUILT_PRODUCTS_DIR)/Cathay.app/Cathay";
			};
			name = Debug;
		};
		AA9D642A23767551007130CA /* Release */ = {
			isa = XCBuildConfiguration;
			buildSettings = {
				ALWAYS_EMBED_SWIFT_STANDARD_LIBRARIES = YES;
				BUNDLE_LOADER = "$(TEST_HOST)";
				CODE_SIGN_STYLE = Automatic;
				FRAMEWORK_SEARCH_PATHS = (
					"$(inherited)",
					"$(PROJECT_DIR)/Carthage/Build/iOS",
				);
				INFOPLIST_FILE = CathayTests/Info.plist;
				IPHONEOS_DEPLOYMENT_TARGET = 13.0;
				LD_RUNPATH_SEARCH_PATHS = (
					"$(inherited)",
					"@executable_path/Frameworks",
					"@loader_path/Frameworks",
				);
				PRODUCT_BUNDLE_IDENTIFIER = com.stevedao.CathayTests;
				PRODUCT_NAME = "$(TARGET_NAME)";
				SWIFT_VERSION = 5.0;
				TARGETED_DEVICE_FAMILY = 1;
				TEST_HOST = "$(BUILT_PRODUCTS_DIR)/Cathay.app/Cathay";
			};
			name = Release;
		};
/* End XCBuildConfiguration section */

/* Begin XCConfigurationList section */
		AA9D64012376754D007130CA /* Build configuration list for PBXProject "Cathay" */ = {
			isa = XCConfigurationList;
			buildConfigurations = (
				AA9D642323767551007130CA /* Debug */,
				AA9D642423767551007130CA /* Release */,
			);
			defaultConfigurationIsVisible = 0;
			defaultConfigurationName = Release;
		};
		AA9D642523767551007130CA /* Build configuration list for PBXNativeTarget "Cathay" */ = {
			isa = XCConfigurationList;
			buildConfigurations = (
				AA9D642623767551007130CA /* Debug */,
				AA9D642723767551007130CA /* Release */,
			);
			defaultConfigurationIsVisible = 0;
			defaultConfigurationName = Release;
		};
		AA9D642823767551007130CA /* Build configuration list for PBXNativeTarget "CathayTests" */ = {
			isa = XCConfigurationList;
			buildConfigurations = (
				AA9D642923767551007130CA /* Debug */,
				AA9D642A23767551007130CA /* Release */,
			);
			defaultConfigurationIsVisible = 0;
			defaultConfigurationName = Release;
		};
/* End XCConfigurationList section */
	};
	rootObject = AA9D63FE2376754D007130CA /* Project object */;
}
